
Microsoft Visual Studio Solution File, Format Version 12.00
# Visual Studio Version 18
VisualStudioVersion = 18.2.11408.102
MinimumVisualStudioVersion = 10.0.40219.1
Project("{FAE04EC0-301F-11D3-BF4B-00C04F79EFBC}") = "ClientRenderer", "ClientRenderer\ClientRenderer.csproj", "{70B0410B-4CEA-4450-B10F-468FEAD45BBE}"
EndProject
Project("{FAE04EC0-301F-11D3-BF4B-00C04F79EFBC}") = "DanserWrapper", "DanserWrapper\DanserWrapper.csproj", "{9EE446C0-2635-4156-96BB-D51211FD84BC}"
EndProject
Project("{FAE04EC0-301F-11D3-BF4B-00C04F79EFBC}") = "ExperimentalRendererWrapper", "ExperimentalRendererWrapper\ExperimentalRendererWrapper.csproj", "{72422521-1F95-407F-8F84-A1B88E262CA2}"
EndProject
Global
	GlobalSection(SolutionConfigurationPlatforms) = preSolution
		Debug|Any CPU = Debug|Any CPU
		Release|Any CPU = Release|Any CPU
	EndGlobalSection
	GlobalSection(ProjectConfigurationPlatforms) = postSolution
		{70B0410B-4CEA-4450-B10F-468FEAD45BBE}.Debug|Any CPU.ActiveCfg = Debug|Any CPU
		{70B0410B-4CEA-4450-B10F-468FEAD45BBE}.Debug|Any CPU.Build.0 = Debug|Any CPU
		{70B0410B-4CEA-4450-B10F-468FEAD45BBE}.Release|Any CPU.ActiveCfg = Release|Any CPU
		{70B0410B-4CEA-4450-B10F-468FEAD45BBE}.Release|Any CPU.Build.0 = Release|Any CPU
		{9EE446C0-2635-4156-96BB-D51211FD84BC}.Debug|Any CPU.ActiveCfg = Debug|Any CPU
		{9EE446C0-2635-4156-96BB-D51211FD84BC}.Debug|Any CPU.Build.0 = Debug|Any CPU
		{9EE446C0-2635-4156-96BB-D51211FD84BC}.Release|Any CPU.ActiveCfg = Release|Any CPU
		{9EE446C0-2635-4156-96BB-D51211FD84BC}.Release|Any CPU.Build.0 = Release|Any CPU
		{72422521-1F95-407F-8F84-A1B88E262CA2}.Debug|Any CPU.ActiveCfg = Debug|Any CPU
		{72422521-1F95-407F-8F84-A1B88E262CA2}.Debug|Any CPU.Build.0 = Debug|Any CPU
		{72422521-1F95-407F-8F84-A1B88E262CA2}.Release|Any CPU.ActiveCfg = Release|Any CPU
		{72422521-1F95-407F-8F84-A1B88E262CA2}.Release|Any CPU.Build.0 = Release|Any CPU
	EndGlobalSection
	GlobalSection(SolutionProperties) = preSolution
		HideSolutionNode = FALSE
	EndGlobalSection
	GlobalSection(ExtensibilityGlobals) = postSolution
		SolutionGuid = {A9465CDA-9EF3-43C8-81CF-0598A8B17EAB}
	EndGlobalSection
EndGlobal
